STORAGE: NONE
RESTRICTION: == net9.0
NUGET
  remote: https://api.nuget.org/v3/index.json
    Fable.Core (4.5)
    FSharp.Control.Reactive (6.1.2)
      FSharp.Core (>= 6.0.7)
      System.Reactive (>= 6.0.1)
    FSharp.Core (8.0.403)
    MQTTnet (4.3.5.1141)
    MQTTnet.Extensions.External.RxMQTT.Client (4.3.56)
      MQTTnet.Extensions.ManagedClient (>= 4.3.5.1141)
      System.Reactive (>= 6.0.1)
    MQTTnet.Extensions.ManagedClient (4.3.5.1141)
      MQTTnet (>= 4.3.5.1141)
    Newtonsoft.Json (13.0.1)
    System.Reactive (6.0.1)
    Thoth.Json.Net (12.0)
      Fable.Core (>= 3.1.6)
      FSharp.Core (>= 4.7.2)
      Newtonsoft.Json (>= 13.0.1)
